
Microsoft Visual Studio Solution File, Format Version 11.00
# Visual C# Express 2010
Project("{FAE04EC0-301F-11D3-BF4B-00C04F79EFBC}") = "AzureMicroHelpers", "AzureMicroHelpers\AzureMicroHelpers.csproj", "{D009BCFE-0990-42A4-8799-3D4F3F28366C}"
EndProject
Project("{FAE04EC0-301F-11D3-BF4B-00C04F79EFBC}") = "AzureMicroClients.NetduinoPlus", "..\AzureMicroClients.NetduinoPlus\AzureMicroClients.NetduinoPlus.csproj", "{75EE2832-C886-4A34-9FEC-C042001FCA27}"
EndProject
Global
	GlobalSection(SolutionConfigurationPlatforms) = preSolution
		Debug|Any CPU = Debug|Any CPU
		Release|Any CPU = Release|Any CPU
	EndGlobalSection
	GlobalSection(ProjectConfigurationPlatforms) = postSolution
		{D009BCFE-0990-42A4-8799-3D4F3F28366C}.Debug|Any CPU.ActiveCfg = Debug|Any CPU
		{D009BCFE-0990-42A4-8799-3D4F3F28366C}.Debug|Any CPU.Build.0 = Debug|Any CPU
		{D009BCFE-0990-42A4-8799-3D4F3F28366C}.Release|Any CPU.ActiveCfg = Release|Any CPU
		{D009BCFE-0990-42A4-8799-3D4F3F28366C}.Release|Any CPU.Build.0 = Release|Any CPU
		{75EE2832-C886-4A34-9FEC-C042001FCA27}.Debug|Any CPU.ActiveCfg = Debug|Any CPU
		{75EE2832-C886-4A34-9FEC-C042001FCA27}.Debug|Any CPU.Build.0 = Debug|Any CPU
		{75EE2832-C886-4A34-9FEC-C042001FCA27}.Debug|Any CPU.Deploy.0 = Debug|Any CPU
		{75EE2832-C886-4A34-9FEC-C042001FCA27}.Release|Any CPU.ActiveCfg = Release|Any CPU
		{75EE2832-C886-4A34-9FEC-C042001FCA27}.Release|Any CPU.Build.0 = Release|Any CPU
		{75EE2832-C886-4A34-9FEC-C042001FCA27}.Release|Any CPU.Deploy.0 = Release|Any CPU
	EndGlobalSection
	GlobalSection(SolutionProperties) = preSolution
		HideSolutionNode = FALSE
	EndGlobalSection
EndGlobal
