
Microsoft Visual Studio Solution File, Format Version 12.00
# Visual Studio 2012
Project("{FAE04EC0-301F-11D3-BF4B-00C04F79EFBC}") = "_nplus", "_nplus.csproj", "{C481FD3A-A28D-42C1-B5B1-F2EFFD49B765}"
EndProject
Project("{FAE04EC0-301F-11D3-BF4B-00C04F79EFBC}") = "_ahelpers", "..\..\AzureMicroHelpers\_ahelpers\_ahelpers.csproj", "{D622BE42-D2CB-4413-A143-B47C1008D4AE}"
EndProject
Project("{FAE04EC0-301F-11D3-BF4B-00C04F79EFBC}") = "_runner", "_runner\_runner.csproj", "{FEE69C99-9526-43C6-92A6-D7C9367DBC8C}"
EndProject
Global
	GlobalSection(SolutionConfigurationPlatforms) = preSolution
		Debug|Any CPU = Debug|Any CPU
		Release|Any CPU = Release|Any CPU
	EndGlobalSection
	GlobalSection(ProjectConfigurationPlatforms) = postSolution
		{C481FD3A-A28D-42C1-B5B1-F2EFFD49B765}.Debug|Any CPU.ActiveCfg = Debug|Any CPU
		{C481FD3A-A28D-42C1-B5B1-F2EFFD49B765}.Debug|Any CPU.Build.0 = Debug|Any CPU
		{C481FD3A-A28D-42C1-B5B1-F2EFFD49B765}.Release|Any CPU.ActiveCfg = Release|Any CPU
		{C481FD3A-A28D-42C1-B5B1-F2EFFD49B765}.Release|Any CPU.Build.0 = Release|Any CPU
		{D622BE42-D2CB-4413-A143-B47C1008D4AE}.Debug|Any CPU.ActiveCfg = Debug|Any CPU
		{D622BE42-D2CB-4413-A143-B47C1008D4AE}.Debug|Any CPU.Build.0 = Debug|Any CPU
		{D622BE42-D2CB-4413-A143-B47C1008D4AE}.Release|Any CPU.ActiveCfg = Release|Any CPU
		{D622BE42-D2CB-4413-A143-B47C1008D4AE}.Release|Any CPU.Build.0 = Release|Any CPU
		{FEE69C99-9526-43C6-92A6-D7C9367DBC8C}.Debug|Any CPU.ActiveCfg = Debug|Any CPU
		{FEE69C99-9526-43C6-92A6-D7C9367DBC8C}.Debug|Any CPU.Build.0 = Debug|Any CPU
		{FEE69C99-9526-43C6-92A6-D7C9367DBC8C}.Release|Any CPU.ActiveCfg = Release|Any CPU
		{FEE69C99-9526-43C6-92A6-D7C9367DBC8C}.Release|Any CPU.Build.0 = Release|Any CPU
	EndGlobalSection
	GlobalSection(SolutionProperties) = preSolution
		HideSolutionNode = FALSE
	EndGlobalSection
EndGlobal
